// !$*UTF8*$!
{
	archiveVersion = 1;
	classes = {
	};
	objectVersion = 46;
	objects = {

/* Begin PBXBuildFile section */
		9BBFFA941C9AF40500560FFC /* AppDelegate.swift in Sources */ = {isa = PBXBuildFile; fileRef = 9BBFFA931C9AF40500560FFC /* AppDelegate.swift */; };
		9BBFFA961C9AF40500560FFC /* ViewController.swift in Sources */ = {isa = PBXBuildFile; fileRef = 9BBFFA951C9AF40500560FFC /* ViewController.swift */; };
		9BBFFA991C9AF40500560FFC /* Main.storyboard in Resources */ = {isa = PBXBuildFile; fileRef = 9BBFFA971C9AF40500560FFC /* Main.storyboard */; };
		9BBFFA9B1C9AF40500560FFC /* Assets.xcassets in Resources */ = {isa = PBXBuildFile; fileRef = 9BBFFA9A1C9AF40500560FFC /* Assets.xcassets */; };
		9BBFFA9E1C9AF40600560FFC /* LaunchScreen.storyboard in Resources */ = {isa = PBXBuildFile; fileRef = 9BBFFA9C1C9AF40500560FFC /* LaunchScreen.storyboard */; };
		9BBFFAA61C9B6B9400560FFC /* CaesarCipher.swift in Sources */ = {isa = PBXBuildFile; fileRef = 9BBFFAA51C9B6B9400560FFC /* CaesarCipher.swift */; };
/* End PBXBuildFile section */

/* Begin PBXFileReference section */
		9BBFFA901C9AF40500560FFC /* CaesarCipher.app */ = {isa = PBXFileReference; explicitFileType = wrapper.application; includeInIndex = 0; path = CaesarCipher.app; sourceTree = BUILT_PRODUCTS_DIR; };
		9BBFFA931C9AF40500560FFC /* AppDelegate.swift */ = {isa = PBXFileReference; lastKnownFileType = sourcecode.swift; path = AppDelegate.swift; sourceTree = "<group>"; };
		9BBFFA951C9AF40500560FFC /* ViewController.swift */ = {isa = PBXFileReference; lastKnownFileType = sourcecode.swift; path = ViewController.swift; sourceTree = "<group>"; };
		9BBFFA981C9AF40500560FFC /* Base */ = {isa = PBXFileReference; lastKnownFileType = file.storyboard; name = Base; path = Base.lproj/Main.storyboard; sourceTree = "<group>"; };
		9BBFFA9A1C9AF40500560FFC /* Assets.xcassets */ = {isa = PBXFileReference; lastKnownFileType = folder.assetcatalog; path = Assets.xcassets; sourceTree = "<group>"; };
		9BBFFA9D1C9AF40500560FFC /* Base */ = {isa = PBXFileReference; lastKnownFileType = file.storyboard; name = Base; path = Base.lproj/LaunchScreen.storyboard; sourceTree = "<group>"; };
		9BBFFA9F1C9AF40600560FFC /* Info.plist */ = {isa = PBXFileReference; lastKnownFileType = text.plist.xml; path = Info.plist; sourceTree = "<group>"; };
		9BBFFAA51C9B6B9400560FFC /* CaesarCipher.swift */ = {isa = PBXFileReference; fileEncoding = 4; lastKnownFileType = sourcecode.swift; path = CaesarCipher.swift; sourceTree = "<group>"; };
/* End PBXFileReference section */

/* Begin PBXFrameworksBuildPhase section */
		9BBFFA8D1C9AF40500560FFC /* Frameworks */ = {
			isa = PBXFrameworksBuildPhase;
			buildActionMask = 2147483647;
			files = (
			);
			runOnlyForDeploymentPostprocessing = 0;
		};
/* End PBXFrameworksBuildPhase section */

/* Begin PBXGroup section */
		9BBFFA871C9AF40500560FFC = {
			isa = PBXGroup;
			children = (
				9BBFFA921C9AF40500560FFC /* CaesarCipher */,
				9BBFFA911C9AF40500560FFC /* Products */,
			);
			sourceTree = "<group>";
		};
		9BBFFA911C9AF40500560FFC /* Products */ = {
			isa = PBXGroup;
			children = (
				9BBFFA901C9AF40500560FFC /* CaesarCipher.app */,
			);
			name = Products;
			sourceTree = "<group>";
		};
		9BBFFA921C9AF40500560FFC /* CaesarCipher */ = {
			isa = PBXGroup;
			children = (
				9BBFFA931C9AF40500560FFC /* AppDelegate.swift */,
				9BBFFA951C9AF40500560FFC /* ViewController.swift */,
				9BBFFA971C9AF40500560FFC /* Main.storyboard */,
				9BBFFA9A1C9AF40500560FFC /* Assets.xcassets */,
				9BBFFA9C1C9AF40500560FFC /* LaunchScreen.storyboard */,
				9BBFFA9F1C9AF40600560FFC /* Info.plist */,
				9BBFFAA51C9B6B9400560FFC /* CaesarCipher.swift */,
			);
			path = CaesarCipher;
			sourceTree = "<group>";
		};
/* End PBXGroup section */

/* Begin PBXNativeTarget section */
		9BBFFA8F1C9AF40500560FFC /* CaesarCipher */ = {
			isa = PBXNativeTarget;
			buildConfigurationList = 9BBFFAA21C9AF40600560FFC /* Build configuration list for PBXNativeTarget "CaesarCipher" */;
			buildPhases = (
				9BBFFA8C1C9AF40500560FFC /* Sources */,
				9BBFFA8D1C9AF40500560FFC /* Frameworks */,
				9BBFFA8E1C9AF40500560FFC /* Resources */,
			);
			buildRules = (
			);
			dependencies = (
			);
			name = CaesarCipher;
			productName = CaesarCipher;
			productReference = 9BBFFA901C9AF40500560FFC /* CaesarCipher.app */;
			productType = "com.apple.product-type.application";
		};
/* End PBXNativeTarget section */

/* Begin PBXProject section */
		9BBFFA881C9AF40500560FFC /* Project object */ = {
			isa = PBXProject;
			attributes = {
				LastSwiftUpdateCheck = 0720;
				LastUpgradeCheck = 0720;
				ORGANIZATIONNAME = flatironstudent;
				TargetAttributes = {
					9BBFFA8F1C9AF40500560FFC = {
						CreatedOnToolsVersion = 7.2;
						DevelopmentTeam = QGJXAGKLW7;
					};
				};
			};
			buildConfigurationList = 9BBFFA8B1C9AF40500560FFC /* Build configuration list for PBXProject "CaesarCipher" */;
			compatibilityVersion = "Xcode 3.2";
			developmentRegion = English;
			hasScannedForEncodings = 0;
			knownRegions = (
				en,
				Base,
			);
			mainGroup = 9BBFFA871C9AF40500560FFC;
			productRefGroup = 9BBFFA911C9AF40500560FFC /* Products */;
			projectDirPath = "";
			projectRoot = "";
			targets = (
				9BBFFA8F1C9AF40500560FFC /* CaesarCipher */,
			);
		};
/* End PBXProject section */

/* Begin PBXResourcesBuildPhase section */
		9BBFFA8E1C9AF40500560FFC /* Resources */ = {
			isa = PBXResourcesBuildPhase;
			buildActionMask = 2147483647;
			files = (
				9BBFFA9E1C9AF40600560FFC /* LaunchScreen.storyboard in Resources */,
				9BBFFA9B1C9AF40500560FFC /* Assets.xcassets in Resources */,
				9BBFFA991C9AF40500560FFC /* Main.storyboard in Resources */,
			);
			runOnlyForDeploymentPostprocessing = 0;
		};
/* End PBXResourcesBuildPhase section */

/* Begin PBXSourcesBuildPhase section */
		9BBFFA8C1C9AF40500560FFC /* Sources */ = {
			isa = PBXSourcesBuildPhase;
			buildActionMask = 2147483647;
			files = (
				9BBFFA961C9AF40500560FFC /* ViewController.swift in Sources */,
				9BBFFA941C9AF40500560FFC /* AppDelegate.swift in Sources */,
				9BBFFAA61C9B6B9400560FFC /* CaesarCipher.swift in Sources */,
			);
			runOnlyForDeploymentPostprocessing = 0;
		};
/* End PBXSourcesBuildPhase section */

/* Begin PBXVariantGroup section */
		9BBFFA971C9AF40500560FFC /* Main.storyboard */ = {
			isa = PBXVariantGroup;
			children = (
				9BBFFA981C9AF40500560FFC /* Base */,
			);
			name = Main.storyboard;
			sourceTree = "<group>";
		};
		9BBFFA9C1C9AF40500560FFC /* LaunchScreen.storyboard */ = {
			isa = PBXVariantGroup;
			children = (
				9BBFFA9D1C9AF40500560FFC /* Base */,
			);
			name = LaunchScreen.storyboard;
			sourceTree = "<group>";
		};
/* End PBXVariantGroup section */

/* Begin XCBuildConfiguration section */
		9BBFFAA01C9AF40600560FFC /* Debug */ = {
			isa = XCBuildConfiguration;
			buildSettings = {
				ALWAYS_SEARCH_USER_PATHS = NO;
				CLANG_CXX_LANGUAGE_STANDARD = "gnu++0x";
				CLANG_CXX_LIBRARY = "libc++";
				CLANG_ENABLE_MODULES = YES;
				CLANG_ENABLE_OBJC_ARC = YES;
				CLANG_WARN_BOOL_CONVERSION = YES;
				CLANG_WARN_CONSTANT_CONVERSION = YES;
				CLANG_WARN_DIRECT_OBJC_ISA_USAGE = YES_ERROR;
				CLANG_WARN_EMPTY_BODY = YES;
				CLANG_WARN_ENUM_CONVERSION = YES;
				CLANG_WARN_INT_CONVERSION = YES;
				CLANG_WARN_OBJC_ROOT_CLASS = YES_ERROR;
				CLANG_WARN_UNREACHABLE_CODE = YES;
				CLANG_WARN__DUPLICATE_METHOD_MATCH = YES;
				"CODE_SIGN_IDENTITY[sdk=iphoneos*]" = "iPhone Developer";
				COPY_PHASE_STRIP = NO;
				DEBUG_INFORMATION_FORMAT = dwarf;
				ENABLE_STRICT_OBJC_MSGSEND = YES;
				ENABLE_TESTABILITY = YES;
				GCC_C_LANGUAGE_STANDARD = gnu99;
				GCC_DYNAMIC_NO_PIC = NO;
				GCC_NO_COMMON_BLOCKS = YES;
				GCC_OPTIMIZATION_LEVEL = 0;
				GCC_PREPROCESSOR_DEFINITIONS = (
					"DEBUG=1",
					"$(inherited)",
				);
				GCC_WARN_64_TO_32_BIT_CONVERSION = YES;
				GCC_WARN_ABOUT_RETURN_TYPE = YES_ERROR;
				GCC_WARN_UNDECLARED_SELECTOR = YES;
				GCC_WARN_UNINITIALIZED_AUTOS = YES_AGGRESSIVE;
				GCC_WARN_UNUSED_FUNCTION = YES;
				GCC_WARN_UNUSED_VARIABLE = YES;
				IPHONEOS_DEPLOYMENT_TARGET = 9.2;
				MTL_ENABLE_DEBUG_INFO = YES;
				ONLY_ACTIVE_ARCH = YES;
				SDKROOT = iphoneos;
				SWIFT_OPTIMIZATION_LEVEL = "-Onone";
			};
			name = Debug;
		};
		9BBFFAA11C9AF40600560FFC /* Release */ = {
			isa = XCBuildConfiguration;
			buildSettings = {
				ALWAYS_SEARCH_USER_PATHS = NO;
				CLANG_CXX_LANGUAGE_STANDARD = "gnu++0x";
				CLANG_CXX_LIBRARY = "libc++";
				CLANG_ENABLE_MODULES = YES;
				CLANG_ENABLE_OBJC_ARC = YES;
				CLANG_WARN_BOOL_CONVERSION = YES;
				CLANG_WARN_CONSTANT_CONVERSION = YES;
				CLANG_WARN_DIRECT_OBJC_ISA_USAGE = YES_ERROR;
				CLANG_WARN_EMPTY_BODY = YES;
				CLANG_WARN_ENUM_CONVERSION = YES;
				CLANG_WARN_INT_CONVERSION = YES;
				CLANG_WARN_OBJC_ROOT_CLASS = YES_ERROR;
				CLANG_WARN_UNREACHABLE_CODE = YES;
				CLANG_WARN__DUPLICATE_METHOD_MATCH = YES;
				"CODE_SIGN_IDENTITY[sdk=iphoneos*]" = "iPhone Developer";
				COPY_PHASE_STRIP = NO;
				DEBUG_INFORMATION_FORMAT = "dwarf-with-dsym";
				ENABLE_NS_ASSERTIONS = NO;
				ENABLE_STRICT_OBJC_MSGSEND = YES;
				GCC_C_LANGUAGE_STANDARD = gnu99;
				GCC_NO_COMMON_BLOCKS = YES;
				GCC_WARN_64_TO_32_BIT_CONVERSION = YES;
				GCC_WARN_ABOUT_RETURN_TYPE = YES_ERROR;
				GCC_WARN_UNDECLARED_SELECTOR = YES;
				GCC_WARN_UNINITIALIZED_AUTOS = YES_AGGRESSIVE;
				GCC_WARN_UNUSED_FUNCTION = YES;
				GCC_WARN_UNUSED_VARIABLE = YES;
				IPHONEOS_DEPLOYMENT_TARGET = 9.2;
				MTL_ENABLE_DEBUG_INFO = NO;
				SDKROOT = iphoneos;
				VALIDATE_PRODUCT = YES;
			};
			name = Release;
		};
		9BBFFAA31C9AF40600560FFC /* Debug */ = {
			isa = XCBuildConfiguration;
			buildSettings = {
				ASSETCATALOG_COMPILER_APPICON_NAME = AppIcon;
				INFOPLIST_FILE = CaesarCipher/Info.plist;
				LD_RUNPATH_SEARCH_PATHS = "$(inherited) @executable_path/Frameworks";
				PRODUCT_BUNDLE_IDENTIFIER = com.upperlinecode.CaesarCipher;
				PRODUCT_NAME = "$(TARGET_NAME)";
			};
			name = Debug;
		};
		9BBFFAA41C9AF40600560FFC /* Release */ = {
			isa = XCBuildConfiguration;
			buildSettings = {
				ASSETCATALOG_COMPILER_APPICON_NAME = AppIcon;
				INFOPLIST_FILE = CaesarCipher/Info.plist;
				LD_RUNPATH_SEARCH_PATHS = "$(inherited) @executable_path/Frameworks";
				PRODUCT_BUNDLE_IDENTIFIER = com.upperlinecode.CaesarCipher;
				PRODUCT_NAME = "$(TARGET_NAME)";
			};
			name = Release;
		};
/* End XCBuildConfiguration section */

/* Begin XCConfigurationList section */
		9BBFFA8B1C9AF40500560FFC /* Build configuration list for PBXProject "CaesarCipher" */ = {
			isa = XCConfigurationList;
			buildConfigurations = (
				9BBFFAA01C9AF40600560FFC /* Debug */,
				9BBFFAA11C9AF40600560FFC /* Release */,
			);
			defaultConfigurationIsVisible = 0;
			defaultConfigurationName = Release;
		};
		9BBFFAA21C9AF40600560FFC /* Build configuration list for PBXNativeTarget "CaesarCipher" */ = {
			isa = XCConfigurationList;
			buildConfigurations = (
				9BBFFAA31C9AF40600560FFC /* Debug */,
				9BBFFAA41C9AF40600560FFC /* Release */,
			);
			defaultConfigurationIsVisible = 0;
		};
/* End XCConfigurationList section */
	};
	rootObject = 9BBFFA881C9AF40500560FFC /* Project object */;
}
