// !$*UTF8*$!
{
	archiveVersion = 1;
	classes = {
	};
	objectVersion = 46;
	objects = {

/* Begin PBXBuildFile section */
		9B570FED1CC2D26A00714D10 /* AppDelegate.swift in Sources */ = {isa = PBXBuildFile; fileRef = 9B570FEC1CC2D26A00714D10 /* AppDelegate.swift */; };
		9B570FEF1CC2D26A00714D10 /* ViewController.swift in Sources */ = {isa = PBXBuildFile; fileRef = 9B570FEE1CC2D26A00714D10 /* ViewController.swift */; };
		9B570FF21CC2D26A00714D10 /* Main.storyboard in Resources */ = {isa = PBXBuildFile; fileRef = 9B570FF01CC2D26A00714D10 /* Main.storyboard */; };
		9B570FF41CC2D26A00714D10 /* Assets.xcassets in Resources */ = {isa = PBXBuildFile; fileRef = 9B570FF31CC2D26A00714D10 /* Assets.xcassets */; };
		9B570FF71CC2D26A00714D10 /* LaunchScreen.storyboard in Resources */ = {isa = PBXBuildFile; fileRef = 9B570FF51CC2D26A00714D10 /* LaunchScreen.storyboard */; };
		9B570FFF1CC435CB00714D10 /* Clock.swift in Sources */ = {isa = PBXBuildFile; fileRef = 9B570FFE1CC435CB00714D10 /* Clock.swift */; };
		9B5710011CC704D200714D10 /* StopwatchViewContoller.swift in Sources */ = {isa = PBXBuildFile; fileRef = 9B5710001CC704D200714D10 /* StopwatchViewContoller.swift */; };
/* End PBXBuildFile section */

/* Begin PBXFileReference section */
		9B570FE91CC2D26A00714D10 /* Clock.app */ = {isa = PBXFileReference; explicitFileType = wrapper.application; includeInIndex = 0; path = Clock.app; sourceTree = BUILT_PRODUCTS_DIR; };
		9B570FEC1CC2D26A00714D10 /* AppDelegate.swift */ = {isa = PBXFileReference; lastKnownFileType = sourcecode.swift; path = AppDelegate.swift; sourceTree = "<group>"; };
		9B570FEE1CC2D26A00714D10 /* ViewController.swift */ = {isa = PBXFileReference; lastKnownFileType = sourcecode.swift; path = ViewController.swift; sourceTree = "<group>"; };
		9B570FF11CC2D26A00714D10 /* Base */ = {isa = PBXFileReference; lastKnownFileType = file.storyboard; name = Base; path = Base.lproj/Main.storyboard; sourceTree = "<group>"; };
		9B570FF31CC2D26A00714D10 /* Assets.xcassets */ = {isa = PBXFileReference; lastKnownFileType = folder.assetcatalog; path = Assets.xcassets; sourceTree = "<group>"; };
		9B570FF61CC2D26A00714D10 /* Base */ = {isa = PBXFileReference; lastKnownFileType = file.storyboard; name = Base; path = Base.lproj/LaunchScreen.storyboard; sourceTree = "<group>"; };
		9B570FF81CC2D26A00714D10 /* Info.plist */ = {isa = PBXFileReference; lastKnownFileType = text.plist.xml; path = Info.plist; sourceTree = "<group>"; };
		9B570FFE1CC435CB00714D10 /* Clock.swift */ = {isa = PBXFileReference; fileEncoding = 4; lastKnownFileType = sourcecode.swift; path = Clock.swift; sourceTree = "<group>"; };
		9B5710001CC704D200714D10 /* StopwatchViewContoller.swift */ = {isa = PBXFileReference; fileEncoding = 4; lastKnownFileType = sourcecode.swift; path = StopwatchViewContoller.swift; sourceTree = "<group>"; };
/* End PBXFileReference section */

/* Begin PBXFrameworksBuildPhase section */
		9B570FE61CC2D26A00714D10 /* Frameworks */ = {
			isa = PBXFrameworksBuildPhase;
			buildActionMask = 2147483647;
			files = (
			);
			runOnlyForDeploymentPostprocessing = 0;
		};
/* End PBXFrameworksBuildPhase section */

/* Begin PBXGroup section */
		9B570FE01CC2D26A00714D10 = {
			isa = PBXGroup;
			children = (
				9B570FEB1CC2D26A00714D10 /* Clock */,
				9B570FEA1CC2D26A00714D10 /* Products */,
			);
			sourceTree = "<group>";
		};
		9B570FEA1CC2D26A00714D10 /* Products */ = {
			isa = PBXGroup;
			children = (
				9B570FE91CC2D26A00714D10 /* Clock.app */,
			);
			name = Products;
			sourceTree = "<group>";
		};
		9B570FEB1CC2D26A00714D10 /* Clock */ = {
			isa = PBXGroup;
			children = (
				9B570FEC1CC2D26A00714D10 /* AppDelegate.swift */,
				9B570FEE1CC2D26A00714D10 /* ViewController.swift */,
				9B570FF01CC2D26A00714D10 /* Main.storyboard */,
				9B5710001CC704D200714D10 /* StopwatchViewContoller.swift */,
				9B570FF31CC2D26A00714D10 /* Assets.xcassets */,
				9B570FF51CC2D26A00714D10 /* LaunchScreen.storyboard */,
				9B570FF81CC2D26A00714D10 /* Info.plist */,
				9B570FFE1CC435CB00714D10 /* Clock.swift */,
			);
			path = Clock;
			sourceTree = "<group>";
		};
/* End PBXGroup section */

/* Begin PBXNativeTarget section */
		9B570FE81CC2D26A00714D10 /* Clock */ = {
			isa = PBXNativeTarget;
			buildConfigurationList = 9B570FFB1CC2D26A00714D10 /* Build configuration list for PBXNativeTarget "Clock" */;
			buildPhases = (
				9B570FE51CC2D26A00714D10 /* Sources */,
				9B570FE61CC2D26A00714D10 /* Frameworks */,
				9B570FE71CC2D26A00714D10 /* Resources */,
			);
			buildRules = (
			);
			dependencies = (
			);
			name = Clock;
			productName = Clock;
			productReference = 9B570FE91CC2D26A00714D10 /* Clock.app */;
			productType = "com.apple.product-type.application";
		};
/* End PBXNativeTarget section */

/* Begin PBXProject section */
		9B570FE11CC2D26A00714D10 /* Project object */ = {
			isa = PBXProject;
			attributes = {
				LastSwiftUpdateCheck = 0720;
				LastUpgradeCheck = 0720;
				ORGANIZATIONNAME = flatironstudent;
				TargetAttributes = {
					9B570FE81CC2D26A00714D10 = {
						CreatedOnToolsVersion = 7.2;
						DevelopmentTeam = QGJXAGKLW7;
					};
				};
			};
			buildConfigurationList = 9B570FE41CC2D26A00714D10 /* Build configuration list for PBXProject "Clock" */;
			compatibilityVersion = "Xcode 3.2";
			developmentRegion = English;
			hasScannedForEncodings = 0;
			knownRegions = (
				en,
				Base,
			);
			mainGroup = 9B570FE01CC2D26A00714D10;
			productRefGroup = 9B570FEA1CC2D26A00714D10 /* Products */;
			projectDirPath = "";
			projectRoot = "";
			targets = (
				9B570FE81CC2D26A00714D10 /* Clock */,
			);
		};
/* End PBXProject section */

/* Begin PBXResourcesBuildPhase section */
		9B570FE71CC2D26A00714D10 /* Resources */ = {
			isa = PBXResourcesBuildPhase;
			buildActionMask = 2147483647;
			files = (
				9B570FF71CC2D26A00714D10 /* LaunchScreen.storyboard in Resources */,
				9B570FF41CC2D26A00714D10 /* Assets.xcassets in Resources */,
				9B570FF21CC2D26A00714D10 /* Main.storyboard in Resources */,
			);
			runOnlyForDeploymentPostprocessing = 0;
		};
/* End PBXResourcesBuildPhase section */

/* Begin PBXSourcesBuildPhase section */
		9B570FE51CC2D26A00714D10 /* Sources */ = {
			isa = PBXSourcesBuildPhase;
			buildActionMask = 2147483647;
			files = (
				9B570FFF1CC435CB00714D10 /* Clock.swift in Sources */,
				9B5710011CC704D200714D10 /* StopwatchViewContoller.swift in Sources */,
				9B570FEF1CC2D26A00714D10 /* ViewController.swift in Sources */,
				9B570FED1CC2D26A00714D10 /* AppDelegate.swift in Sources */,
			);
			runOnlyForDeploymentPostprocessing = 0;
		};
/* End PBXSourcesBuildPhase section */

/* Begin PBXVariantGroup section */
		9B570FF01CC2D26A00714D10 /* Main.storyboard */ = {
			isa = PBXVariantGroup;
			children = (
				9B570FF11CC2D26A00714D10 /* Base */,
			);
			name = Main.storyboard;
			sourceTree = "<group>";
		};
		9B570FF51CC2D26A00714D10 /* LaunchScreen.storyboard */ = {
			isa = PBXVariantGroup;
			children = (
				9B570FF61CC2D26A00714D10 /* Base */,
			);
			name = LaunchScreen.storyboard;
			sourceTree = "<group>";
		};
/* End PBXVariantGroup section */

/* Begin XCBuildConfiguration section */
		9B570FF91CC2D26A00714D10 /* Debug */ = {
			isa = XCBuildConfiguration;
			buildSettings = {
				ALWAYS_SEARCH_USER_PATHS = NO;
				CLANG_CXX_LANGUAGE_STANDARD = "gnu++0x";
				CLANG_CXX_LIBRARY = "libc++";
				CLANG_ENABLE_MODULES = YES;
				CLANG_ENABLE_OBJC_ARC = YES;
				CLANG_WARN_BOOL_CONVERSION = YES;
				CLANG_WARN_CONSTANT_CONVERSION = YES;
				CLANG_WARN_DIRECT_OBJC_ISA_USAGE = YES_ERROR;
				CLANG_WARN_EMPTY_BODY = YES;
				CLANG_WARN_ENUM_CONVERSION = YES;
				CLANG_WARN_INT_CONVERSION = YES;
				CLANG_WARN_OBJC_ROOT_CLASS = YES_ERROR;
				CLANG_WARN_UNREACHABLE_CODE = YES;
				CLANG_WARN__DUPLICATE_METHOD_MATCH = YES;
				"CODE_SIGN_IDENTITY[sdk=iphoneos*]" = "iPhone Developer";
				COPY_PHASE_STRIP = NO;
				DEBUG_INFORMATION_FORMAT = dwarf;
				ENABLE_STRICT_OBJC_MSGSEND = YES;
				ENABLE_TESTABILITY = YES;
				GCC_C_LANGUAGE_STANDARD = gnu99;
				GCC_DYNAMIC_NO_PIC = NO;
				GCC_NO_COMMON_BLOCKS = YES;
				GCC_OPTIMIZATION_LEVEL = 0;
				GCC_PREPROCESSOR_DEFINITIONS = (
					"DEBUG=1",
					"$(inherited)",
				);
				GCC_WARN_64_TO_32_BIT_CONVERSION = YES;
				GCC_WARN_ABOUT_RETURN_TYPE = YES_ERROR;
				GCC_WARN_UNDECLARED_SELECTOR = YES;
				GCC_WARN_UNINITIALIZED_AUTOS = YES_AGGRESSIVE;
				GCC_WARN_UNUSED_FUNCTION = YES;
				GCC_WARN_UNUSED_VARIABLE = YES;
				IPHONEOS_DEPLOYMENT_TARGET = 9.2;
				MTL_ENABLE_DEBUG_INFO = YES;
				ONLY_ACTIVE_ARCH = YES;
				SDKROOT = iphoneos;
				SWIFT_OPTIMIZATION_LEVEL = "-Onone";
			};
			name = Debug;
		};
		9B570FFA1CC2D26A00714D10 /* Release */ = {
			isa = XCBuildConfiguration;
			buildSettings = {
				ALWAYS_SEARCH_USER_PATHS = NO;
				CLANG_CXX_LANGUAGE_STANDARD = "gnu++0x";
				CLANG_CXX_LIBRARY = "libc++";
				CLANG_ENABLE_MODULES = YES;
				CLANG_ENABLE_OBJC_ARC = YES;
				CLANG_WARN_BOOL_CONVERSION = YES;
				CLANG_WARN_CONSTANT_CONVERSION = YES;
				CLANG_WARN_DIRECT_OBJC_ISA_USAGE = YES_ERROR;
				CLANG_WARN_EMPTY_BODY = YES;
				CLANG_WARN_ENUM_CONVERSION = YES;
				CLANG_WARN_INT_CONVERSION = YES;
				CLANG_WARN_OBJC_ROOT_CLASS = YES_ERROR;
				CLANG_WARN_UNREACHABLE_CODE = YES;
				CLANG_WARN__DUPLICATE_METHOD_MATCH = YES;
				"CODE_SIGN_IDENTITY[sdk=iphoneos*]" = "iPhone Developer";
				COPY_PHASE_STRIP = NO;
				DEBUG_INFORMATION_FORMAT = "dwarf-with-dsym";
				ENABLE_NS_ASSERTIONS = NO;
				ENABLE_STRICT_OBJC_MSGSEND = YES;
				GCC_C_LANGUAGE_STANDARD = gnu99;
				GCC_NO_COMMON_BLOCKS = YES;
				GCC_WARN_64_TO_32_BIT_CONVERSION = YES;
				GCC_WARN_ABOUT_RETURN_TYPE = YES_ERROR;
				GCC_WARN_UNDECLARED_SELECTOR = YES;
				GCC_WARN_UNINITIALIZED_AUTOS = YES_AGGRESSIVE;
				GCC_WARN_UNUSED_FUNCTION = YES;
				GCC_WARN_UNUSED_VARIABLE = YES;
				IPHONEOS_DEPLOYMENT_TARGET = 9.2;
				MTL_ENABLE_DEBUG_INFO = NO;
				SDKROOT = iphoneos;
				VALIDATE_PRODUCT = YES;
			};
			name = Release;
		};
		9B570FFC1CC2D26A00714D10 /* Debug */ = {
			isa = XCBuildConfiguration;
			buildSettings = {
				ASSETCATALOG_COMPILER_APPICON_NAME = AppIcon;
				INFOPLIST_FILE = Clock/Info.plist;
				LD_RUNPATH_SEARCH_PATHS = "$(inherited) @executable_path/Frameworks";
				PRODUCT_BUNDLE_IDENTIFIER = com.upperlinecode.Clock;
				PRODUCT_NAME = "$(TARGET_NAME)";
			};
			name = Debug;
		};
		9B570FFD1CC2D26A00714D10 /* Release */ = {
			isa = XCBuildConfiguration;
			buildSettings = {
				ASSETCATALOG_COMPILER_APPICON_NAME = AppIcon;
				INFOPLIST_FILE = Clock/Info.plist;
				LD_RUNPATH_SEARCH_PATHS = "$(inherited) @executable_path/Frameworks";
				PRODUCT_BUNDLE_IDENTIFIER = com.upperlinecode.Clock;
				PRODUCT_NAME = "$(TARGET_NAME)";
			};
			name = Release;
		};
/* End XCBuildConfiguration section */

/* Begin XCConfigurationList section */
		9B570FE41CC2D26A00714D10 /* Build configuration list for PBXProject "Clock" */ = {
			isa = XCConfigurationList;
			buildConfigurations = (
				9B570FF91CC2D26A00714D10 /* Debug */,
				9B570FFA1CC2D26A00714D10 /* Release */,
			);
			defaultConfigurationIsVisible = 0;
			defaultConfigurationName = Release;
		};
		9B570FFB1CC2D26A00714D10 /* Build configuration list for PBXNativeTarget "Clock" */ = {
			isa = XCConfigurationList;
			buildConfigurations = (
				9B570FFC1CC2D26A00714D10 /* Debug */,
				9B570FFD1CC2D26A00714D10 /* Release */,
			);
			defaultConfigurationIsVisible = 0;
			defaultConfigurationName = Release;
		};
/* End XCConfigurationList section */
	};
	rootObject = 9B570FE11CC2D26A00714D10 /* Project object */;
}
