// !$*UTF8*$!
{
	archiveVersion = 1;
	classes = {
	};
	objectVersion = 46;
	objects = {

/* Begin PBXBuildFile section */
		BDEFC7291D41275E0044976D /* AppDelegate.swift in Sources */ = {isa = PBXBuildFile; fileRef = BDEFC7281D41275E0044976D /* AppDelegate.swift */; };
		BDEFC72B1D41275E0044976D /* ViewController.swift in Sources */ = {isa = PBXBuildFile; fileRef = BDEFC72A1D41275E0044976D /* ViewController.swift */; };
		BDEFC72E1D41275E0044976D /* Main.storyboard in Resources */ = {isa = PBXBuildFile; fileRef = BDEFC72C1D41275E0044976D /* Main.storyboard */; };
		BDEFC7301D41275E0044976D /* Assets.xcassets in Resources */ = {isa = PBXBuildFile; fileRef = BDEFC72F1D41275E0044976D /* Assets.xcassets */; };
		BDEFC7331D41275E0044976D /* LaunchScreen.storyboard in Resources */ = {isa = PBXBuildFile; fileRef = BDEFC7311D41275E0044976D /* LaunchScreen.storyboard */; };
/* End PBXBuildFile section */

/* Begin PBXFileReference section */
		BDEFC7251D41275E0044976D /* MapKitLab.app */ = {isa = PBXFileReference; explicitFileType = wrapper.application; includeInIndex = 0; path = MapKitLab.app; sourceTree = BUILT_PRODUCTS_DIR; };
		BDEFC7281D41275E0044976D /* AppDelegate.swift */ = {isa = PBXFileReference; lastKnownFileType = sourcecode.swift; path = AppDelegate.swift; sourceTree = "<group>"; };
		BDEFC72A1D41275E0044976D /* ViewController.swift */ = {isa = PBXFileReference; lastKnownFileType = sourcecode.swift; path = ViewController.swift; sourceTree = "<group>"; };
		BDEFC72D1D41275E0044976D /* Base */ = {isa = PBXFileReference; lastKnownFileType = file.storyboard; name = Base; path = Base.lproj/Main.storyboard; sourceTree = "<group>"; };
		BDEFC72F1D41275E0044976D /* Assets.xcassets */ = {isa = PBXFileReference; lastKnownFileType = folder.assetcatalog; path = Assets.xcassets; sourceTree = "<group>"; };
		BDEFC7321D41275E0044976D /* Base */ = {isa = PBXFileReference; lastKnownFileType = file.storyboard; name = Base; path = Base.lproj/LaunchScreen.storyboard; sourceTree = "<group>"; };
		BDEFC7341D41275E0044976D /* Info.plist */ = {isa = PBXFileReference; lastKnownFileType = text.plist.xml; path = Info.plist; sourceTree = "<group>"; };
/* End PBXFileReference section */

/* Begin PBXFrameworksBuildPhase section */
		BDEFC7221D41275E0044976D /* Frameworks */ = {
			isa = PBXFrameworksBuildPhase;
			buildActionMask = 2147483647;
			files = (
			);
			runOnlyForDeploymentPostprocessing = 0;
		};
/* End PBXFrameworksBuildPhase section */

/* Begin PBXGroup section */
		BDEFC71C1D41275E0044976D = {
			isa = PBXGroup;
			children = (
				BDEFC7271D41275E0044976D /* MapKitLab */,
				BDEFC7261D41275E0044976D /* Products */,
			);
			sourceTree = "<group>";
		};
		BDEFC7261D41275E0044976D /* Products */ = {
			isa = PBXGroup;
			children = (
				BDEFC7251D41275E0044976D /* MapKitLab.app */,
			);
			name = Products;
			sourceTree = "<group>";
		};
		BDEFC7271D41275E0044976D /* MapKitLab */ = {
			isa = PBXGroup;
			children = (
				BDEFC7281D41275E0044976D /* AppDelegate.swift */,
				BDEFC72A1D41275E0044976D /* ViewController.swift */,
				BDEFC72C1D41275E0044976D /* Main.storyboard */,
				BDEFC72F1D41275E0044976D /* Assets.xcassets */,
				BDEFC7311D41275E0044976D /* LaunchScreen.storyboard */,
				BDEFC7341D41275E0044976D /* Info.plist */,
			);
			path = MapKitLab;
			sourceTree = "<group>";
		};
/* End PBXGroup section */

/* Begin PBXNativeTarget section */
		BDEFC7241D41275E0044976D /* MapKitLab */ = {
			isa = PBXNativeTarget;
			buildConfigurationList = BDEFC7371D41275E0044976D /* Build configuration list for PBXNativeTarget "MapKitLab" */;
			buildPhases = (
				BDEFC7211D41275E0044976D /* Sources */,
				BDEFC7221D41275E0044976D /* Frameworks */,
				BDEFC7231D41275E0044976D /* Resources */,
			);
			buildRules = (
			);
			dependencies = (
			);
			name = MapKitLab;
			productName = MapKitLab;
			productReference = BDEFC7251D41275E0044976D /* MapKitLab.app */;
			productType = "com.apple.product-type.application";
		};
/* End PBXNativeTarget section */

/* Begin PBXProject section */
		BDEFC71D1D41275E0044976D /* Project object */ = {
			isa = PBXProject;
			attributes = {
				LastSwiftUpdateCheck = 0730;
				LastUpgradeCheck = 0730;
				ORGANIZATIONNAME = "Angelica Bato";
				TargetAttributes = {
					BDEFC7241D41275E0044976D = {
						CreatedOnToolsVersion = 7.3.1;
					};
				};
			};
			buildConfigurationList = BDEFC7201D41275E0044976D /* Build configuration list for PBXProject "MapKitLab" */;
			compatibilityVersion = "Xcode 3.2";
			developmentRegion = English;
			hasScannedForEncodings = 0;
			knownRegions = (
				en,
				Base,
			);
			mainGroup = BDEFC71C1D41275E0044976D;
			productRefGroup = BDEFC7261D41275E0044976D /* Products */;
			projectDirPath = "";
			projectRoot = "";
			targets = (
				BDEFC7241D41275E0044976D /* MapKitLab */,
			);
		};
/* End PBXProject section */

/* Begin PBXResourcesBuildPhase section */
		BDEFC7231D41275E0044976D /* Resources */ = {
			isa = PBXResourcesBuildPhase;
			buildActionMask = 2147483647;
			files = (
				BDEFC7331D41275E0044976D /* LaunchScreen.storyboard in Resources */,
				BDEFC7301D41275E0044976D /* Assets.xcassets in Resources */,
				BDEFC72E1D41275E0044976D /* Main.storyboard in Resources */,
			);
			runOnlyForDeploymentPostprocessing = 0;
		};
/* End PBXResourcesBuildPhase section */

/* Begin PBXSourcesBuildPhase section */
		BDEFC7211D41275E0044976D /* Sources */ = {
			isa = PBXSourcesBuildPhase;
			buildActionMask = 2147483647;
			files = (
				BDEFC72B1D41275E0044976D /* ViewController.swift in Sources */,
				BDEFC7291D41275E0044976D /* AppDelegate.swift in Sources */,
			);
			runOnlyForDeploymentPostprocessing = 0;
		};
/* End PBXSourcesBuildPhase section */

/* Begin PBXVariantGroup section */
		BDEFC72C1D41275E0044976D /* Main.storyboard */ = {
			isa = PBXVariantGroup;
			children = (
				BDEFC72D1D41275E0044976D /* Base */,
			);
			name = Main.storyboard;
			sourceTree = "<group>";
		};
		BDEFC7311D41275E0044976D /* LaunchScreen.storyboard */ = {
			isa = PBXVariantGroup;
			children = (
				BDEFC7321D41275E0044976D /* Base */,
			);
			name = LaunchScreen.storyboard;
			sourceTree = "<group>";
		};
/* End PBXVariantGroup section */

/* Begin XCBuildConfiguration section */
		BDEFC7351D41275E0044976D /* Debug */ = {
			isa = XCBuildConfiguration;
			buildSettings = {
				ALWAYS_SEARCH_USER_PATHS = NO;
				CLANG_ANALYZER_NONNULL = YES;
				CLANG_CXX_LANGUAGE_STANDARD = "gnu++0x";
				CLANG_CXX_LIBRARY = "libc++";
				CLANG_ENABLE_MODULES = YES;
				CLANG_ENABLE_OBJC_ARC = YES;
				CLANG_WARN_BOOL_CONVERSION = YES;
				CLANG_WARN_CONSTANT_CONVERSION = YES;
				CLANG_WARN_DIRECT_OBJC_ISA_USAGE = YES_ERROR;
				CLANG_WARN_EMPTY_BODY = YES;
				CLANG_WARN_ENUM_CONVERSION = YES;
				CLANG_WARN_INT_CONVERSION = YES;
				CLANG_WARN_OBJC_ROOT_CLASS = YES_ERROR;
				CLANG_WARN_UNREACHABLE_CODE = YES;
				CLANG_WARN__DUPLICATE_METHOD_MATCH = YES;
				"CODE_SIGN_IDENTITY[sdk=iphoneos*]" = "iPhone Developer";
				COPY_PHASE_STRIP = NO;
				DEBUG_INFORMATION_FORMAT = dwarf;
				ENABLE_STRICT_OBJC_MSGSEND = YES;
				ENABLE_TESTABILITY = YES;
				GCC_C_LANGUAGE_STANDARD = gnu99;
				GCC_DYNAMIC_NO_PIC = NO;
				GCC_NO_COMMON_BLOCKS = YES;
				GCC_OPTIMIZATION_LEVEL = 0;
				GCC_PREPROCESSOR_DEFINITIONS = (
					"DEBUG=1",
					"$(inherited)",
				);
				GCC_WARN_64_TO_32_BIT_CONVERSION = YES;
				GCC_WARN_ABOUT_RETURN_TYPE = YES_ERROR;
				GCC_WARN_UNDECLARED_SELECTOR = YES;
				GCC_WARN_UNINITIALIZED_AUTOS = YES_AGGRESSIVE;
				GCC_WARN_UNUSED_FUNCTION = YES;
				GCC_WARN_UNUSED_VARIABLE = YES;
				IPHONEOS_DEPLOYMENT_TARGET = 9.3;
				MTL_ENABLE_DEBUG_INFO = YES;
				ONLY_ACTIVE_ARCH = YES;
				SDKROOT = iphoneos;
				SWIFT_OPTIMIZATION_LEVEL = "-Onone";
			};
			name = Debug;
		};
		BDEFC7361D41275E0044976D /* Release */ = {
			isa = XCBuildConfiguration;
			buildSettings = {
				ALWAYS_SEARCH_USER_PATHS = NO;
				CLANG_ANALYZER_NONNULL = YES;
				CLANG_CXX_LANGUAGE_STANDARD = "gnu++0x";
				CLANG_CXX_LIBRARY = "libc++";
				CLANG_ENABLE_MODULES = YES;
				CLANG_ENABLE_OBJC_ARC = YES;
				CLANG_WARN_BOOL_CONVERSION = YES;
				CLANG_WARN_CONSTANT_CONVERSION = YES;
				CLANG_WARN_DIRECT_OBJC_ISA_USAGE = YES_ERROR;
				CLANG_WARN_EMPTY_BODY = YES;
				CLANG_WARN_ENUM_CONVERSION = YES;
				CLANG_WARN_INT_CONVERSION = YES;
				CLANG_WARN_OBJC_ROOT_CLASS = YES_ERROR;
				CLANG_WARN_UNREACHABLE_CODE = YES;
				CLANG_WARN__DUPLICATE_METHOD_MATCH = YES;
				"CODE_SIGN_IDENTITY[sdk=iphoneos*]" = "iPhone Developer";
				COPY_PHASE_STRIP = NO;
				DEBUG_INFORMATION_FORMAT = "dwarf-with-dsym";
				ENABLE_NS_ASSERTIONS = NO;
				ENABLE_STRICT_OBJC_MSGSEND = YES;
				GCC_C_LANGUAGE_STANDARD = gnu99;
				GCC_NO_COMMON_BLOCKS = YES;
				GCC_WARN_64_TO_32_BIT_CONVERSION = YES;
				GCC_WARN_ABOUT_RETURN_TYPE = YES_ERROR;
				GCC_WARN_UNDECLARED_SELECTOR = YES;
				GCC_WARN_UNINITIALIZED_AUTOS = YES_AGGRESSIVE;
				GCC_WARN_UNUSED_FUNCTION = YES;
				GCC_WARN_UNUSED_VARIABLE = YES;
				IPHONEOS_DEPLOYMENT_TARGET = 9.3;
				MTL_ENABLE_DEBUG_INFO = NO;
				SDKROOT = iphoneos;
				VALIDATE_PRODUCT = YES;
			};
			name = Release;
		};
		BDEFC7381D41275E0044976D /* Debug */ = {
			isa = XCBuildConfiguration;
			buildSettings = {
				ASSETCATALOG_COMPILER_APPICON_NAME = AppIcon;
				INFOPLIST_FILE = MapKitLab/Info.plist;
				LD_RUNPATH_SEARCH_PATHS = "$(inherited) @executable_path/Frameworks";
				PRODUCT_BUNDLE_IDENTIFIER = com.angelicabato.MapKitLab;
				PRODUCT_NAME = "$(TARGET_NAME)";
			};
			name = Debug;
		};
		BDEFC7391D41275E0044976D /* Release */ = {
			isa = XCBuildConfiguration;
			buildSettings = {
				ASSETCATALOG_COMPILER_APPICON_NAME = AppIcon;
				INFOPLIST_FILE = MapKitLab/Info.plist;
				LD_RUNPATH_SEARCH_PATHS = "$(inherited) @executable_path/Frameworks";
				PRODUCT_BUNDLE_IDENTIFIER = com.angelicabato.MapKitLab;
				PRODUCT_NAME = "$(TARGET_NAME)";
			};
			name = Release;
		};
/* End XCBuildConfiguration section */

/* Begin XCConfigurationList section */
		BDEFC7201D41275E0044976D /* Build configuration list for PBXProject "MapKitLab" */ = {
			isa = XCConfigurationList;
			buildConfigurations = (
				BDEFC7351D41275E0044976D /* Debug */,
				BDEFC7361D41275E0044976D /* Release */,
			);
			defaultConfigurationIsVisible = 0;
			defaultConfigurationName = Release;
		};
		BDEFC7371D41275E0044976D /* Build configuration list for PBXNativeTarget "MapKitLab" */ = {
			isa = XCConfigurationList;
			buildConfigurations = (
				BDEFC7381D41275E0044976D /* Debug */,
				BDEFC7391D41275E0044976D /* Release */,
			);
			defaultConfigurationIsVisible = 0;
		};
/* End XCConfigurationList section */
	};
	rootObject = BDEFC71D1D41275E0044976D /* Project object */;
}
